{
  "version": 4,
  "terraform_version": "1.3.4",
  "serial": 11,
  "lineage": "080e31ae-8753-50e2-2550-bdc2f562553a",
  "outputs": {
    "app_service_default_hostname": {
      "value": "https://dc1-appservice.azurewebsites.net",
      "type": "string"
    },
    "app_service_name": {
      "value": "dc1-appservice",
      "type": "string"
    }
  },
  "resources": [
    {
      "mode": "managed",
      "type": "azurerm_app_service",
      "name": "main",
      "provider": "provider[\"registry.terraform.io/hashicorp/azurerm\"]",
      "instances": [
        {
          "schema_version": 0,
          "attributes": {
            "app_service_plan_id": "/subscriptions/2db7973f-a988-4e3b-bcb4-02f4065b4966/resourceGroups/dc1-resources/providers/Microsoft.Web/serverfarms/dc1-asp",
            "app_settings": {
              "WEBSITES_ENABLE_APP_SERVICE_STORAGE": "false"
            },
            "auth_settings": [
              {
                "active_directory": [],
                "additional_login_params": {},
                "allowed_external_redirect_urls": [],
                "default_provider": "",
                "enabled": false,
                "facebook": [],
                "google": [],
                "issuer": "",
                "microsoft": [],
                "runtime_version": "",
                "token_refresh_extension_hours": 0,
                "token_store_enabled": false,
                "twitter": [],
                "unauthenticated_client_action": ""
              }
            ],
            "backup": [],
            "client_affinity_enabled": true,
            "client_cert_enabled": false,
            "connection_string": [],
            "default_site_hostname": "dc1-appservice.azurewebsites.net",
            "enabled": true,
            "https_only": false,
            "id": "/subscriptions/2db7973f-a988-4e3b-bcb4-02f4065b4966/resourceGroups/dc1-resources/providers/Microsoft.Web/sites/dc1-appservice",
            "identity": [],
            "location": "westeurope",
            "logs": [
              {
                "application_logs": [
                  {
                    "azure_blob_storage": []
                  }
                ],
                "http_logs": [
                  {
                    "azure_blob_storage": [],
                    "file_system": []
                  }
                ]
              }
            ],
            "name": "dc1-appservice",
            "outbound_ip_addresses": "51.138.6.213,51.138.120.107,51.138.120.154,51.138.120.165,51.138.120.169,20.50.167.244,20.50.2.52",
            "possible_outbound_ip_addresses": "51.138.6.213,51.138.120.107,51.138.120.154,51.138.120.165,51.138.120.169,20.50.167.244,20.73.195.219,51.105.199.198,51.124.48.0,51.124.48.149,51.124.50.96,51.124.51.185,51.124.53.3,51.124.53.133,51.138.32.150,51.138.36.150,51.138.36.181,51.138.36.247,20.71.3.221,20.73.34.97,20.73.34.112,20.73.34.156,20.73.34.159,20.73.34.163,20.50.2.52",
            "resource_group_name": "dc1-resources",
            "site_config": [
              {
                "always_on": false,
                "app_command_line": "",
                "auto_swap_slot_name": "",
                "cors": [
                  {
                    "allowed_origins": [],
                    "support_credentials": false
                  }
                ],
                "default_documents": null,
                "dotnet_framework_version": "v4.0",
                "ftps_state": "AllAllowed",
                "http2_enabled": false,
                "ip_restriction": [],
                "java_container": "",
                "java_container_version": "",
                "java_version": "",
                "linux_fx_version": "COMPOSE|dmVyc2lvbjogJzInCnNlcnZpY2VzOgogIGRiOgogICAgaW1hZ2U6IG1hcmlhZGIKICAgIHBvcnRzOgogICAgICAtICIzMzA2OjMzMDYiICAgIAogICAgcmVzdGFydDogYWx3YXlzICAgIAogICAgdm9sdW1lczoKICAgICAgLSBkYjovdmFyL2xpYi9teXNxbCAgICAKICAgIGVudmlyb25tZW50OgogICAgICAtIE1ZU1FMX1VTRVI9ZnJpZW5kaWNhICAgICAgCiAgICAgIC0gTVlTUUxfUEFTU1dPUkQ9ZnJpZW5kaWNhCiAgICAgIC0gTVlTUUxfREFUQUJBU0U9ZnJpZW5kaWNhICAgICAgCiAgICAgIC0gTVlTUUxfUkFORE9NX1JPT1RfUEFTU1dPUkQ9eWVzIAogIGFwcDoKICAgIGltYWdlOiBmcmllbmRpY2EgICAgCiAgICByZXN0YXJ0OiBhbHdheXMgICAgCiAgICB2b2x1bWVzOgogICAgICAtIGZyaWVuZGljYTovdmFyL3d3dy9odG1sICAgIAogICAgcG9ydHM6CiAgICAgIC0gIjgwODA6ODAiCiAgICBlbnZpcm9ubWVudDoKICAgICAgLSBNWVNRTF9IT1NUPWRiCiAgICAgIC0gTVlTUUxfVVNFUj1mcmllbmRpY2EKICAgICAgLSBNWVNRTF9QQVNTV09SRD1mcmllbmRpY2EKICAgICAgLSBNWVNRTF9EQVRBQkFTRT1mcmllbmRpY2EKICAgICAgLSBGUklFTkRJQ0FfQURNSU5fTUFJTD1yb290QGZyaWVuZGljYS5sb2NhbCAgICAgIAogICAgZGVwZW5kc19vbjoKICAgICAgLSBkYgp2b2x1bWVzOiAKICAgIGRiOgogICAgZnJpZW5kaWNhOg==",
                "local_mysql_enabled": false,
                "managed_pipeline_mode": "Integrated",
                "min_tls_version": "1.2",
                "php_version": "",
                "python_version": "",
                "remote_debugging_enabled": false,
                "remote_debugging_version": "VS2019",
                "scm_type": "None",
                "use_32_bit_worker_process": false,
                "websockets_enabled": false,
                "windows_fx_version": ""
              }
            ],
            "site_credential": [
              {
                "password": "voktHr7fQshTzfJtSgMc9KZqn5BZPrLb0p5ApC7vsuegtfzsRRAh7LuKnods",
                "username": "$dc1-appservice"
              }
            ],
            "source_control": [
              {
                "branch": "master",
                "repo_url": ""
              }
            ],
            "storage_account": [],
            "tags": null,
            "timeouts": null
          },
          "sensitive_attributes": [],
          "private": "eyJlMmJmYjczMC1lY2FhLTExZTYtOGY4OC0zNDM2M2JjN2M0YzAiOnsiY3JlYXRlIjoxODAwMDAwMDAwMDAwLCJkZWxldGUiOjE4MDAwMDAwMDAwMDAsInJlYWQiOjMwMDAwMDAwMDAwMCwidXBkYXRlIjoxODAwMDAwMDAwMDAwfX0=",
          "dependencies": [
            "azurerm_app_service_plan.main",
            "azurerm_resource_group.main"
          ]
        }
      ]
    },
    {
      "mode": "managed",
      "type": "azurerm_app_service_plan",
      "name": "main",
      "provider": "provider[\"registry.terraform.io/hashicorp/azurerm\"]",
      "instances": [
        {
          "schema_version": 0,
          "attributes": {
            "app_service_environment_id": "",
            "id": "/subscriptions/2db7973f-a988-4e3b-bcb4-02f4065b4966/resourceGroups/dc1-resources/providers/Microsoft.Web/serverfarms/dc1-asp",
            "is_xenon": false,
            "kind": "linux",
            "location": "westeurope",
            "maximum_elastic_worker_count": 1,
            "maximum_number_of_workers": 10,
            "name": "dc1-asp",
            "per_site_scaling": false,
            "reserved": true,
            "resource_group_name": "dc1-resources",
            "sku": [
              {
                "capacity": 1,
                "size": "S1",
                "tier": "Standard"
              }
            ],
            "tags": null,
            "timeouts": null
          },
          "sensitive_attributes": [],
          "private": "eyJlMmJmYjczMC1lY2FhLTExZTYtOGY4OC0zNDM2M2JjN2M0YzAiOnsiY3JlYXRlIjozNjAwMDAwMDAwMDAwLCJkZWxldGUiOjM2MDAwMDAwMDAwMDAsInJlYWQiOjMwMDAwMDAwMDAwMCwidXBkYXRlIjozNjAwMDAwMDAwMDAwfX0=",
          "dependencies": [
            "azurerm_resource_group.main"
          ]
        }
      ]
    },
    {
      "mode": "managed",
      "type": "azurerm_resource_group",
      "name": "main",
      "provider": "provider[\"registry.terraform.io/hashicorp/azurerm\"]",
      "instances": [
        {
          "schema_version": 0,
          "attributes": {
            "id": "/subscriptions/2db7973f-a988-4e3b-bcb4-02f4065b4966/resourceGroups/dc1-resources",
            "location": "westeurope",
            "name": "dc1-resources",
            "tags": null,
            "timeouts": null
          },
          "sensitive_attributes": [],
          "private": "eyJlMmJmYjczMC1lY2FhLTExZTYtOGY4OC0zNDM2M2JjN2M0YzAiOnsiY3JlYXRlIjo1NDAwMDAwMDAwMDAwLCJkZWxldGUiOjU0MDAwMDAwMDAwMDAsInJlYWQiOjMwMDAwMDAwMDAwMCwidXBkYXRlIjo1NDAwMDAwMDAwMDAwfX0="
        }
      ]
    }
  ],
  "check_results": null
}
